
Microsoft Visual Studio Solution File, Format Version 12.00
# Visual Studio 15
VisualStudioVersion = 15.0.27428.2002
MinimumVisualStudioVersion = 10.0.40219.1
Project("{FAE04EC0-301F-11D3-BF4B-00C04F79EFBC}") = "LowLevelKeyboardAndMouseListener", "LowLevelKeyboardAndMouseListener\LowLevelKeyboardAndMouseListener.csproj", "{7E743F5A-0CCB-43A7-A311-F5B55EEA1C2B}"
EndProject
Project("{FAE04EC0-301F-11D3-BF4B-00C04F79EFBC}") = "LLKeyboardMouseListener", "LLKeyboardMouseListener\LLKeyboardMouseListener.csproj", "{B9172DFD-34A2-4422-9BB9-F81A326D977E}"
EndProject
Global
	GlobalSection(SolutionConfigurationPlatforms) = preSolution
		Debug|Any CPU = Debug|Any CPU
		Release|Any CPU = Release|Any CPU
	EndGlobalSection
	GlobalSection(ProjectConfigurationPlatforms) = postSolution
		{7E743F5A-0CCB-43A7-A311-F5B55EEA1C2B}.Debug|Any CPU.ActiveCfg = Debug|Any CPU
		{7E743F5A-0CCB-43A7-A311-F5B55EEA1C2B}.Debug|Any CPU.Build.0 = Debug|Any CPU
		{7E743F5A-0CCB-43A7-A311-F5B55EEA1C2B}.Release|Any CPU.ActiveCfg = Release|Any CPU
		{7E743F5A-0CCB-43A7-A311-F5B55EEA1C2B}.Release|Any CPU.Build.0 = Release|Any CPU
		{B9172DFD-34A2-4422-9BB9-F81A326D977E}.Debug|Any CPU.ActiveCfg = Debug|Any CPU
		{B9172DFD-34A2-4422-9BB9-F81A326D977E}.Debug|Any CPU.Build.0 = Debug|Any CPU
		{B9172DFD-34A2-4422-9BB9-F81A326D977E}.Release|Any CPU.ActiveCfg = Release|Any CPU
		{B9172DFD-34A2-4422-9BB9-F81A326D977E}.Release|Any CPU.Build.0 = Release|Any CPU
	EndGlobalSection
	GlobalSection(SolutionProperties) = preSolution
		HideSolutionNode = FALSE
	EndGlobalSection
	GlobalSection(ExtensibilityGlobals) = postSolution
		SolutionGuid = {F609936A-89D9-4DBF-90FB-528C3B034F04}
	EndGlobalSection
EndGlobal
